{
  "name": "gpproject",
  "version": "1.0.0",
  "lockfileVersion": 1,
  "requires": true,
  "dependencies": {
    "matter-js": {
      "version": "0.14.2",
      "resolved": "https://registry.npmjs.org/matter-js/-/matter-js-0.14.2.tgz",
      "integrity": "sha512-3ttVT8cJlQnGRjBa8MyVrGyvGmnmOkZ3YsyemIw+KwEEdVi70mo32FH1Eta2b3GfdDJFbMDRqyMQt4heNKBUEA=="
    },
    "moment": {
      "version": "2.28.0",
      "resolved": "https://registry.npmjs.org/moment/-/moment-2.28.0.tgz",
      "integrity": "sha512-Z5KOjYmnHyd/ukynmFd/WwyXHd7L4J9vTI/nn5Ap9AVUgaAE15VvQ9MOGmJJygEUklupqIrFnor/tjTwRU+tQw=="
    }
  }
}
